<?xml version="1.0" encoding="utf-8"?>
<Project ToolsVersion="4.0" xmlns="http://schemas.microsoft.com/developer/msbuild/2003">
  <ItemGroup>
    <Filter Include="源文件">
      <UniqueIdentifier>{4FC737F1-C7A5-4376-A066-2A32D752A2FF}</UniqueIdentifier>
      <Extensions>cpp;c;cc;cxx;def;odl;idl;hpj;bat;asm;asmx</Extensions>
    </Filter>
    <Filter Include="头文件">
      <UniqueIdentifier>{93995380-89BD-4b04-88EB-625FBE52EBFB}</UniqueIdentifier>
      <Extensions>h;hh;hpp;hxx;hm;inl;inc;xsd</Extensions>
    </Filter>
    <Filter Include="资源文件">
      <UniqueIdentifier>{67DA6AB6-F800-4c08-8B7A-83BB121AAD01}</UniqueIdentifier>
      <Extensions>rc;ico;cur;bmp;dlg;rc2;rct;bin;rgs;gif;jpg;jpeg;jpe;resx;tiff;tif;png;wav;mfcribbon-ms</Extensions>
    </Filter>
  </ItemGroup>
  <ItemGroup>
    <ClCompile Include="..\..\src\base\component.cpp">
      <Filter>源文件</Filter>
    </ClCompile>
    <ClCompile Include="..\..\src\base\lua_component.cpp">
      <Filter>源文件</Filter>
    </ClCompile>
    <ClCompile Include="..\..\src\base\system_manager.cpp">
      <Filter>源文件</Filter>
    </ClCompile>
    <ClCompile Include="..\..\src\base\world.cpp">
      <Filter>源文件</Filter>
    </ClCompile>
    <ClCompile Include="..\..\src\lua\lua_object.cpp">
      <Filter>源文件</Filter>
    </ClCompile>
    <ClCompile Include="..\..\src\lua\lua_port.cpp">
      <Filter>源文件</Filter>
    </ClCompile>
    <ClCompile Include="..\..\src\misc\buffer.cpp">
      <Filter>源文件</Filter>
    </ClCompile>
    <ClCompile Include="..\..\src\misc\config.cpp">
      <Filter>源文件</Filter>
    </ClCompile>
    <ClCompile Include="..\..\src\misc\error.cpp">
      <Filter>源文件</Filter>
    </ClCompile>
    <ClCompile Include="..\..\src\misc\log.cpp">
      <Filter>源文件</Filter>
    </ClCompile>
    <ClCompile Include="..\..\src\misc\variant_int.cpp">
      <Filter>源文件</Filter>
    </ClCompile>
    <ClCompile Include="..\..\src\socket\socket.cpp">
      <Filter>源文件</Filter>
    </ClCompile>
    <ClCompile Include="..\..\src\socket\socket_kcp.cpp">
      <Filter>源文件</Filter>
    </ClCompile>
    <ClCompile Include="..\..\src\socket\socket_manager.cpp">
      <Filter>源文件</Filter>
    </ClCompile>
    <ClCompile Include="..\..\src\socket\tcp_socket.cpp">
      <Filter>源文件</Filter>
    </ClCompile>
    <ClCompile Include="..\..\src\socket\udp_socket.cpp">
      <Filter>源文件</Filter>
    </ClCompile>
    <ClCompile Include="..\..\src\socket\unix_socket.cpp">
      <Filter>源文件</Filter>
    </ClCompile>
    <ClCompile Include="..\..\src\timer\timer.cpp">
      <Filter>源文件</Filter>
    </ClCompile>
    <ClCompile Include="..\..\src\timer\timer_manager.cpp">
      <Filter>源文件</Filter>
    </ClCompile>
    <ClCompile Include="..\..\src\misc\getopt_win32.c">
      <Filter>源文件</Filter>
    </ClCompile>
    <ClCompile Include="..\..\src\socket\tcp_socket_listener.cpp">
      <Filter>源文件</Filter>
    </ClCompile>
    <ClCompile Include="..\..\src\socket\udp_socket_listener.cpp">
      <Filter>源文件</Filter>
    </ClCompile>
    <ClCompile Include="..\..\src\base\entity.cpp">
      <Filter>源文件</Filter>
    </ClCompile>
    <ClCompile Include="..\..\src\lua\lua_proto.cpp">
      <Filter>源文件</Filter>
    </ClCompile>
    <ClCompile Include="..\..\src\socket\socket_package.cpp">
      <Filter>源文件</Filter>
    </ClCompile>
    <ClCompile Include="..\..\src\socket\socket_utils.cpp">
      <Filter>源文件</Filter>
    </ClCompile>
  </ItemGroup>
  <ItemGroup>
    <ClInclude Include="..\..\src\base\component.h">
      <Filter>头文件</Filter>
    </ClInclude>
    <ClInclude Include="..\..\src\base\lua_component.h">
      <Filter>头文件</Filter>
    </ClInclude>
    <ClInclude Include="..\..\src\base\system_manager.h">
      <Filter>头文件</Filter>
    </ClInclude>
    <ClInclude Include="..\..\src\base\world.h">
      <Filter>头文件</Filter>
    </ClInclude>
    <ClInclude Include="..\..\src\lua\lua_object.h">
      <Filter>头文件</Filter>
    </ClInclude>
    <ClInclude Include="..\..\src\lua\lua_port.h">
      <Filter>头文件</Filter>
    </ClInclude>
    <ClInclude Include="..\..\src\misc\buffer.h">
      <Filter>头文件</Filter>
    </ClInclude>
    <ClInclude Include="..\..\src\misc\config.h">
      <Filter>头文件</Filter>
    </ClInclude>
    <ClInclude Include="..\..\src\misc\error.h">
      <Filter>头文件</Filter>
    </ClInclude>
    <ClInclude Include="..\..\src\misc\log.h">
      <Filter>头文件</Filter>
    </ClInclude>
    <ClInclude Include="..\..\src\misc\skip_list.h">
      <Filter>头文件</Filter>
    </ClInclude>
    <ClInclude Include="..\..\src\misc\variant_int.h">
      <Filter>头文件</Filter>
    </ClInclude>
    <ClInclude Include="..\..\src\socket\socket.h">
      <Filter>头文件</Filter>
    </ClInclude>
    <ClInclude Include="..\..\src\socket\socket_kcp.h">
      <Filter>头文件</Filter>
    </ClInclude>
    <ClInclude Include="..\..\src\socket\socket_manager.h">
      <Filter>头文件</Filter>
    </ClInclude>
    <ClInclude Include="..\..\src\socket\tcp_socket.h">
      <Filter>头文件</Filter>
    </ClInclude>
    <ClInclude Include="..\..\src\socket\udp_socket.h">
      <Filter>头文件</Filter>
    </ClInclude>
    <ClInclude Include="..\..\src\socket\unix_socket.h">
      <Filter>头文件</Filter>
    </ClInclude>
    <ClInclude Include="..\..\src\timer\timer.h">
      <Filter>头文件</Filter>
    </ClInclude>
    <ClInclude Include="..\..\src\timer\timer_manager.h">
      <Filter>头文件</Filter>
    </ClInclude>
    <ClInclude Include="..\..\src\socket\socket_def.h">
      <Filter>头文件</Filter>
    </ClInclude>
    <ClInclude Include="..\..\src\misc\getopt_win32.h">
      <Filter>头文件</Filter>
    </ClInclude>
    <ClInclude Include="..\..\src\socket\tcp_socket_listener.h">
      <Filter>头文件</Filter>
    </ClInclude>
    <ClInclude Include="..\..\src\socket\udp_socket_listener.h">
      <Filter>头文件</Filter>
    </ClInclude>
    <ClInclude Include="..\..\src\socket\socket_package.h">
      <Filter>头文件</Filter>
    </ClInclude>
    <ClInclude Include="..\..\src\socket\socket_utils.h">
      <Filter>头文件</Filter>
    </ClInclude>
    <ClInclude Include="..\..\src\base\entity.h">
      <Filter>头文件</Filter>
    </ClInclude>
    <ClInclude Include="..\..\src\lua\lua_bridge.h">
      <Filter>头文件</Filter>
    </ClInclude>
    <ClInclude Include="..\..\src\lua\lua_proto.h">
      <Filter>头文件</Filter>
    </ClInclude>
  </ItemGroup>
</Project>